
Microsoft Visual Studio Solution File, Format Version 12.00
# Visual Studio Version 17
VisualStudioVersion = 17.4.33213.308
MinimumVisualStudioVersion = 10.0.40219.1
Project("{FAE04EC0-301F-11D3-BF4B-00C04F79EFBC}") = "AutoTanpopo", "AutoTanpopo\AutoTanpopo.csproj", "{B709E44A-7418-435F-B533-FB29BBCAF60B}"
EndProject
Global
	GlobalSection(SolutionConfigurationPlatforms) = preSolution
		Debug|Any CPU = Debug|Any CPU
		Release|Any CPU = Release|Any CPU
	EndGlobalSection
	GlobalSection(ProjectConfigurationPlatforms) = postSolution
		{B709E44A-7418-435F-B533-FB29BBCAF60B}.Debug|Any CPU.ActiveCfg = Debug|Any CPU
		{B709E44A-7418-435F-B533-FB29BBCAF60B}.Debug|Any CPU.Build.0 = Debug|Any CPU
		{B709E44A-7418-435F-B533-FB29BBCAF60B}.Release|Any CPU.ActiveCfg = Release|Any CPU
		{B709E44A-7418-435F-B533-FB29BBCAF60B}.Release|Any CPU.Build.0 = Release|Any CPU
	EndGlobalSection
	GlobalSection(SolutionProperties) = preSolution
		HideSolutionNode = FALSE
	EndGlobalSection
	GlobalSection(ExtensibilityGlobals) = postSolution
		SolutionGuid = {0927787A-BAAB-487B-8A2A-148F203CCC5D}
	EndGlobalSection
EndGlobal
